
Microsoft Visual Studio Solution File, Format Version 12.00
# Visual Studio Version 16
VisualStudioVersion = 16.0.30804.86
MinimumVisualStudioVersion = 10.0.40219.1
Project("{151D2E53-A2C4-4D7D-83FE-D05416EBD58E}") = "Windows-VM", "Windows-VM\Windows-VM.deployproj", "{D16CED17-9F69-4652-B965-500CF0CB5DB3}"
EndProject
Project("{151D2E53-A2C4-4D7D-83FE-D05416EBD58E}") = "Linked-Template", "Linked-Template\Linked-Template.deployproj", "{91E811E8-AEC5-4A48-B2C1-922E524EE9EA}"
EndProject
Project("{151D2E53-A2C4-4D7D-83FE-D05416EBD58E}") = "Key-Vault", "Key-Vault\Key-Vault.deployproj", "{C13E9A2C-DF56-4F88-ADEB-75FB89B0D396}"
EndProject
Project("{151D2E53-A2C4-4D7D-83FE-D05416EBD58E}") = "Node-Express-App", "Node-Express-App\Node-Express-App.deployproj", "{6B8C9EA8-AE46-4D7A-8D4E-C9DC34BC71AC}"
EndProject
Global
	GlobalSection(SolutionConfigurationPlatforms) = preSolution
		Debug|Any CPU = Debug|Any CPU
		Release|Any CPU = Release|Any CPU
	EndGlobalSection
	GlobalSection(ProjectConfigurationPlatforms) = postSolution
		{D16CED17-9F69-4652-B965-500CF0CB5DB3}.Debug|Any CPU.ActiveCfg = Debug|Any CPU
		{D16CED17-9F69-4652-B965-500CF0CB5DB3}.Debug|Any CPU.Build.0 = Debug|Any CPU
		{D16CED17-9F69-4652-B965-500CF0CB5DB3}.Release|Any CPU.ActiveCfg = Release|Any CPU
		{D16CED17-9F69-4652-B965-500CF0CB5DB3}.Release|Any CPU.Build.0 = Release|Any CPU
		{91E811E8-AEC5-4A48-B2C1-922E524EE9EA}.Debug|Any CPU.ActiveCfg = Debug|Any CPU
		{91E811E8-AEC5-4A48-B2C1-922E524EE9EA}.Debug|Any CPU.Build.0 = Debug|Any CPU
		{91E811E8-AEC5-4A48-B2C1-922E524EE9EA}.Release|Any CPU.ActiveCfg = Release|Any CPU
		{91E811E8-AEC5-4A48-B2C1-922E524EE9EA}.Release|Any CPU.Build.0 = Release|Any CPU
		{C13E9A2C-DF56-4F88-ADEB-75FB89B0D396}.Debug|Any CPU.ActiveCfg = Debug|Any CPU
		{C13E9A2C-DF56-4F88-ADEB-75FB89B0D396}.Debug|Any CPU.Build.0 = Debug|Any CPU
		{C13E9A2C-DF56-4F88-ADEB-75FB89B0D396}.Release|Any CPU.ActiveCfg = Release|Any CPU
		{C13E9A2C-DF56-4F88-ADEB-75FB89B0D396}.Release|Any CPU.Build.0 = Release|Any CPU
		{6B8C9EA8-AE46-4D7A-8D4E-C9DC34BC71AC}.Debug|Any CPU.ActiveCfg = Debug|Any CPU
		{6B8C9EA8-AE46-4D7A-8D4E-C9DC34BC71AC}.Debug|Any CPU.Build.0 = Debug|Any CPU
		{6B8C9EA8-AE46-4D7A-8D4E-C9DC34BC71AC}.Release|Any CPU.ActiveCfg = Release|Any CPU
		{6B8C9EA8-AE46-4D7A-8D4E-C9DC34BC71AC}.Release|Any CPU.Build.0 = Release|Any CPU
	EndGlobalSection
	GlobalSection(SolutionProperties) = preSolution
		HideSolutionNode = FALSE
	EndGlobalSection
	GlobalSection(ExtensibilityGlobals) = postSolution
		SolutionGuid = {AE2E3832-D3E0-43B3-9532-901F15143D36}
	EndGlobalSection
EndGlobal
